
Microsoft Visual Studio Solution File, Format Version 12.00
# Visual Studio 14
VisualStudioVersion = 14.0.24720.0
MinimumVisualStudioVersion = 10.0.40219.1
Project("{070BCB52-5A75-4F8C-A973-144AF0EAFCC9}") = "ProgressSample", "ProgressSample\ProgressSample.iceproj", "{8116B4C3-1D44-4C0F-9F7A-CEDA231A4EAF}"
EndProject
Global
	GlobalSection(SolutionConfigurationPlatforms) = preSolution
		Debug|Any CPU = Debug|Any CPU
		Release|Any CPU = Release|Any CPU
	EndGlobalSection
	GlobalSection(ProjectConfigurationPlatforms) = postSolution
		{8116B4C3-1D44-4C0F-9F7A-CEDA231A4EAF}.Debug|Any CPU.ActiveCfg = Debug|Any CPU
		{8116B4C3-1D44-4C0F-9F7A-CEDA231A4EAF}.Debug|Any CPU.Build.0 = Debug|Any CPU
		{8116B4C3-1D44-4C0F-9F7A-CEDA231A4EAF}.Release|Any CPU.ActiveCfg = Release|Any CPU
		{8116B4C3-1D44-4C0F-9F7A-CEDA231A4EAF}.Release|Any CPU.Build.0 = Release|Any CPU
	EndGlobalSection
	GlobalSection(SolutionProperties) = preSolution
		HideSolutionNode = FALSE
	EndGlobalSection
EndGlobal
